
Microsoft Visual Studio Solution File, Format Version 12.00
# Visual Studio Version 17
VisualStudioVersion = 17.9.34701.34
MinimumVisualStudioVersion = 10.0.40219.1
Project("{FAE04EC0-301F-11D3-BF4B-00C04F79EFBC}") = "NW Table Viewer", "NW Table Viewer\NW Table Viewer.csproj", "{D0A58115-1393-4E63-B343-30B4610B403A}"
EndProject
Global
	GlobalSection(SolutionConfigurationPlatforms) = preSolution
		Debug|Any CPU = Debug|Any CPU
		Release|Any CPU = Release|Any CPU
	EndGlobalSection
	GlobalSection(ProjectConfigurationPlatforms) = postSolution
		{D0A58115-1393-4E63-B343-30B4610B403A}.Debug|Any CPU.ActiveCfg = Debug|Any CPU
		{D0A58115-1393-4E63-B343-30B4610B403A}.Debug|Any CPU.Build.0 = Debug|Any CPU
		{D0A58115-1393-4E63-B343-30B4610B403A}.Release|Any CPU.ActiveCfg = Release|Any CPU
		{D0A58115-1393-4E63-B343-30B4610B403A}.Release|Any CPU.Build.0 = Release|Any CPU
	EndGlobalSection
	GlobalSection(SolutionProperties) = preSolution
		HideSolutionNode = FALSE
	EndGlobalSection
	GlobalSection(ExtensibilityGlobals) = postSolution
		SolutionGuid = {28C289A0-CAEC-4D67-B5C0-EB3706D364FB}
	EndGlobalSection
EndGlobal
